
Microsoft Visual Studio Solution File, Format Version 12.00
# Visual Studio Version 17
VisualStudioVersion = 17.6.33801.468
MinimumVisualStudioVersion = 10.0.40219.1
Project("{FAE04EC0-301F-11D3-BF4B-00C04F79EFBC}") = "WpfExplorer", "WpfExplorer.csproj", "{201ED7B4-FB0F-4491-9FD6-4F9FC09BAC7E}"
	ProjectSection(ProjectDependencies) = postProject
		{F8A0F1CD-A90C-4DBA-A507-7A892EEF774D} = {F8A0F1CD-A90C-4DBA-A507-7A892EEF774D}
	EndProjectSection
EndProject
Project("{FAE04EC0-301F-11D3-BF4B-00C04F79EFBC}") = "WpfExplorer.Support", "..\WpfExplorer.Support\WpfExplorer.Support.csproj", "{F8A0F1CD-A90C-4DBA-A507-7A892EEF774D}"
EndProject
Global
	GlobalSection(SolutionConfigurationPlatforms) = preSolution
		Debug|Any CPU = Debug|Any CPU
		Release|Any CPU = Release|Any CPU
	EndGlobalSection
	GlobalSection(ProjectConfigurationPlatforms) = postSolution
		{201ED7B4-FB0F-4491-9FD6-4F9FC09BAC7E}.Debug|Any CPU.ActiveCfg = Debug|Any CPU
		{201ED7B4-FB0F-4491-9FD6-4F9FC09BAC7E}.Debug|Any CPU.Build.0 = Debug|Any CPU
		{201ED7B4-FB0F-4491-9FD6-4F9FC09BAC7E}.Release|Any CPU.ActiveCfg = Release|Any CPU
		{201ED7B4-FB0F-4491-9FD6-4F9FC09BAC7E}.Release|Any CPU.Build.0 = Release|Any CPU
		{F8A0F1CD-A90C-4DBA-A507-7A892EEF774D}.Debug|Any CPU.ActiveCfg = Debug|Any CPU
		{F8A0F1CD-A90C-4DBA-A507-7A892EEF774D}.Debug|Any CPU.Build.0 = Debug|Any CPU
		{F8A0F1CD-A90C-4DBA-A507-7A892EEF774D}.Release|Any CPU.ActiveCfg = Release|Any CPU
		{F8A0F1CD-A90C-4DBA-A507-7A892EEF774D}.Release|Any CPU.Build.0 = Release|Any CPU
	EndGlobalSection
	GlobalSection(SolutionProperties) = preSolution
		HideSolutionNode = FALSE
	EndGlobalSection
	GlobalSection(ExtensibilityGlobals) = postSolution
		SolutionGuid = {E26C2882-AC97-424C-B949-130B18AB928B}
	EndGlobalSection
EndGlobal
